lockfileVersion: '9.0'

settings:
  autoInstallPeers: true
  excludeLinksFromLockfile: false

importers:

  .:
    dependencies:
      iglu:
        specifier: ^2.0.5
        version: 2.0.5

packages:

  iglu@2.0.5:
    resolution: {integrity: sha512-Qj9HxvneZ4+QF6m3/AjtpF6c/w1tPeNHMZMcw3rHnq2zeFj3CI44TpHy3xO1g0P3eAU7zPTSeosCxOzGNHdU0A==}

snapshots:

  iglu@2.0.5: {}
